{
  "nodes": {
    "catppuccin-hyprland-colours": {
      "flake": false,
      "locked": {
        "lastModified": 1712161758,
        "narHash": "sha256-XTqpmucOeHUgSpXQ0XzbggBFW+ZloRD/3mFhI+Tq4O8=",
        "owner": "catppuccin",
        "repo": "hyprland",
        "rev": "b57375545f5da1f7790341905d1049b1873a8bb3",
        "type": "github"
      },
      "original": {
        "owner": "catppuccin",
        "repo": "hyprland",
        "type": "github"
      }
    },
    "dotfiles_fig": {
      "flake": false,
      "locked": {
        "lastModified": 1713045936,
        "narHash": "sha256-dkpBaFBrX6vq8ujuOoNLAejUHsggnBuwjRPZghV7ZnE=",
        "owner": "DukeofStars",
        "repo": "dotfiles_fig",
        "rev": "fbc89c47d2f73cb5c6ddfe2b392ff4705f007821",
        "type": "github"
      },
      "original": {
        "owner": "DukeofStars",
        "repo": "dotfiles_fig",
        "type": "github"
      }
    },
    "flake-utils": {
      "inputs": {
        "systems": "systems"
      },
      "locked": {
        "lastModified": 1705309234,
        "narHash": "sha256-uNRRNRKmJyCRC/8y1RqBkqWBLM034y4qN7EprSdmgyA=",
        "owner": "numtide",
        "repo": "flake-utils",
        "rev": "1ef2e671c3b0c19053962c07dbda38332dcebf26",
        "type": "github"
      },
      "original": {
        "owner": "numtide",
        "repo": "flake-utils",
        "type": "github"
      }
    },
    "home-manager": {
      "inputs": {
        "nixpkgs": [
          "nixpkgs"
        ]
      },
      "locked": {
        "lastModified": 1713732794,
        "narHash": "sha256-AYCofb8Zu4Mbc1lHDtju/uxeARawRijmOueAqEMEfMU=",
        "owner": "nix-community",
        "repo": "home-manager",
        "rev": "670d9ecc3e46a6e3265c203c2d136031a3d3548e",
        "type": "github"
      },
      "original": {
        "owner": "nix-community",
        "repo": "home-manager",
        "type": "github"
      }
    },
    "nixpkgs": {
      "locked": {
        "lastModified": 1713537308,
        "narHash": "sha256-XtTSSIB2DA6tOv+l0FhvfDMiyCmhoRbNB+0SeInZkbk=",
        "owner": "nixos",
        "repo": "nixpkgs",
        "rev": "5c24cf2f0a12ad855f444c30b2421d044120c66f",
        "type": "github"
      },
      "original": {
        "owner": "nixos",
        "ref": "nixos-unstable",
        "repo": "nixpkgs",
        "type": "github"
      }
    },
    "nixpkgs_2": {
      "locked": {
        "lastModified": 1706487304,
        "narHash": "sha256-LE8lVX28MV2jWJsidW13D2qrHU/RUUONendL2Q/WlJg=",
        "owner": "NixOS",
        "repo": "nixpkgs",
        "rev": "90f456026d284c22b3e3497be980b2e47d0b28ac",
        "type": "github"
      },
      "original": {
        "owner": "NixOS",
        "ref": "nixpkgs-unstable",
        "repo": "nixpkgs",
        "type": "github"
      }
    },
    "nosys": {
      "locked": {
        "lastModified": 1708971380,
        "narHash": "sha256-vw8MUu8N2VLhieciB8ory4aZ3RwIZD6sdwpwPLXOC64=",
        "owner": "divnix",
        "repo": "nosys",
        "rev": "798ee92962613f296c0ed89a098a7fba9978ffc0",
        "type": "github"
      },
      "original": {
        "owner": "divnix",
        "repo": "nosys",
        "type": "github"
      }
    },
    "root": {
      "inputs": {
        "catppuccin-hyprland-colours": "catppuccin-hyprland-colours",
        "dotfiles_fig": "dotfiles_fig",
        "home-manager": "home-manager",
        "nixpkgs": "nixpkgs",
        "nosys": "nosys",
        "rust-overlay": "rust-overlay"
      }
    },
    "rust-overlay": {
      "inputs": {
        "flake-utils": "flake-utils",
        "nixpkgs": "nixpkgs_2"
      },
      "locked": {
        "lastModified": 1713665713,
        "narHash": "sha256-IXwXOTN0GtMyLbtOy0qUNdfdnXIA8p4LbyKxBShS44Q=",
        "owner": "oxalica",
        "repo": "rust-overlay",
        "rev": "a520e9870c46a0d0af3745a0b707dbf14b66f72c",
        "type": "github"
      },
      "original": {
        "owner": "oxalica",
        "repo": "rust-overlay",
        "type": "github"
      }
    },
    "systems": {
      "locked": {
        "lastModified": 1681028828,
        "narHash": "sha256-Vy1rq5AaRuLzOxct8nz4T6wlgyUR7zLU309k9mBC768=",
        "owner": "nix-systems",
        "repo": "default",
        "rev": "da67096a3b9bf56a91d16901293e51ba5b49a27e",
        "type": "github"
      },
      "original": {
        "owner": "nix-systems",
        "repo": "default",
        "type": "github"
      }
    }
  },
  "root": "root",
  "version": 7
}
