{
  "nodes": {
    "catppuccin-hyprland-colours": {
      "flake": false,
      "locked": {
        "lastModified": 1712161758,
        "narHash": "sha256-XTqpmucOeHUgSpXQ0XzbggBFW+ZloRD/3mFhI+Tq4O8=",
        "owner": "catppuccin",
        "repo": "hyprland",
        "rev": "b57375545f5da1f7790341905d1049b1873a8bb3",
        "type": "github"
      },
      "original": {
        "owner": "catppuccin",
        "repo": "hyprland",
        "type": "github"
      }
    },
    "dotfiles_fig": {
      "flake": false,
      "locked": {
        "lastModified": 1696461616,
        "narHash": "sha256-0ECeyZtWSP7n4NR90wrvSQ3iXozznAQQzzOz6gzLwYI=",
        "owner": "DukeofStars",
        "repo": "dotfiles_fig",
        "rev": "2ca1496b1d5fda54d6e5d969cde8e8f9d6086018",
        "type": "github"
      },
      "original": {
        "owner": "DukeofStars",
        "repo": "dotfiles_fig",
        "type": "github"
      }
    },
    "home-manager": {
      "inputs": {
        "nixpkgs": [
          "nixpkgs"
        ]
      },
      "locked": {
        "lastModified": 1711133180,
        "narHash": "sha256-WJOahf+6115+GMl3wUfURu8fszuNeJLv9qAWFQl3Vmo=",
        "owner": "nix-community",
        "repo": "home-manager",
        "rev": "1c2c5e4cabba4c43504ef0f8cc3f3dfa284e2dbb",
        "type": "github"
      },
      "original": {
        "owner": "nix-community",
        "repo": "home-manager",
        "type": "github"
      }
    },
    "nixpkgs": {
      "locked": {
        "lastModified": 1711163522,
        "narHash": "sha256-YN/Ciidm+A0fmJPWlHBGvVkcarYWSC+s3NTPk/P+q3c=",
        "owner": "nixos",
        "repo": "nixpkgs",
        "rev": "44d0940ea560dee511026a53f0e2e2cde489b4d4",
        "type": "github"
      },
      "original": {
        "owner": "nixos",
        "ref": "nixos-unstable",
        "repo": "nixpkgs",
        "type": "github"
      }
    },
    "root": {
      "inputs": {
        "catppuccin-hyprland-colours": "catppuccin-hyprland-colours",
        "dotfiles_fig": "dotfiles_fig",
        "home-manager": "home-manager",
        "nixpkgs": "nixpkgs"
      }
    }
  },
  "root": "root",
  "version": 7
}
